PODS:
  - FSCollectionKit (1.0.6)
  - SnapKit (5.7.1)
  - SwipeCellKit (2.7.1)

DEPENDENCIES:
  - FSCollectionKit (from `../`)
  - SnapKit
  - SwipeCellKit

SPEC REPOS:
  trunk:
    - SnapKit
    - SwipeCellKit

EXTERNAL SOURCES:
  FSCollectionKit:
    :path: "../"

SPEC CHECKSUMS:
  FSCollectionKit: dafe3ddbd8187456c6f1ef5eca16a49a2e729936
  SnapKit: d612e99e678a2d3b95bf60b0705ed0a35c03484a
  SwipeCellKit: 3972254a826da74609926daf59b08d6c72e619ea

PODFILE CHECKSUM: 4bb761cc3bdb91064cc118ba94552144b22f42bd

COCOAPODS: 1.16.2
